
Microsoft Visual Studio Solution File, Format Version 11.00
# Visual Studio 2010
Project("{FAE04EC0-301F-11D3-BF4B-00C04F79EFBC}") = "GadgeteerSocketIOApp", "GadgeteerSocketIOApp\GadgeteerSocketIOApp.csproj", "{EFFA5451-98CB-4ED2-8781-67E2B2CF63FE}"
EndProject
Global
	GlobalSection(SolutionConfigurationPlatforms) = preSolution
		Debug|Any CPU = Debug|Any CPU
		Release|Any CPU = Release|Any CPU
	EndGlobalSection
	GlobalSection(ProjectConfigurationPlatforms) = postSolution
		{EFFA5451-98CB-4ED2-8781-67E2B2CF63FE}.Debug|Any CPU.ActiveCfg = Debug|Any CPU
		{EFFA5451-98CB-4ED2-8781-67E2B2CF63FE}.Debug|Any CPU.Build.0 = Debug|Any CPU
		{EFFA5451-98CB-4ED2-8781-67E2B2CF63FE}.Debug|Any CPU.Deploy.0 = Debug|Any CPU
		{EFFA5451-98CB-4ED2-8781-67E2B2CF63FE}.Release|Any CPU.ActiveCfg = Release|Any CPU
		{EFFA5451-98CB-4ED2-8781-67E2B2CF63FE}.Release|Any CPU.Build.0 = Release|Any CPU
		{EFFA5451-98CB-4ED2-8781-67E2B2CF63FE}.Release|Any CPU.Deploy.0 = Release|Any CPU
	EndGlobalSection
	GlobalSection(SolutionProperties) = preSolution
		HideSolutionNode = FALSE
	EndGlobalSection
EndGlobal
